schema: '2.0'
stages:
  preprocess:
    cmd: py scripts/preprocess.py
    deps:
    - path: data/loans.csv
      hash: md5
      md5: a9eb0de4edc779e8dd0db7b22379ffe9
      size: 22
    - path: scripts/preprocess.py
      hash: md5
      md5: 6f38c91bc19f14899f0de61671873051
      size: 760
    outs:
    - path: data/loans_clean.csv
      hash: md5
      md5: a9eb0de4edc779e8dd0db7b22379ffe9
      size: 22
  train:
    cmd: py scripts/train.py
    deps:
    - path: data/loans_clean.csv
      hash: md5
      md5: a9eb0de4edc779e8dd0db7b22379ffe9
      size: 22
    - path: scripts/train.py
      hash: md5
      md5: 76b1ddd4ebb272b1fcc84abc75d0df17
      size: 1056
    outs:
    - path: models/model.pkl
      hash: md5
      md5: ba0a3efaaf4cb0db1c8e3cbd06fb2c20
      size: 1012
  evaluate:
    cmd: py scripts/evaluate.py
    deps:
    - path: models/model.pkl
      hash: md5
      md5: ba0a3efaaf4cb0db1c8e3cbd06fb2c20
      size: 1012
    - path: scripts/evaluate.py
      hash: md5
      md5: 054fb3aaea96773447fc992212c17f76
      size: 1110
    outs:
    - path: metrics.json
      hash: md5
      md5: 893824310a4dedc19ff04f5722807b9e
      size: 38
